
Microsoft Visual Studio Solution File, Format Version 12.00
# Visual Studio Version 17
VisualStudioVersion = 17.3.32929.385
MinimumVisualStudioVersion = 10.0.40219.1
Project("{FAE04EC0-301F-11D3-BF4B-00C04F79EFBC}") = "Factorial", "Factorial\Factorial.csproj", "{4CF2E2E9-3B72-47B5-AF15-626846618664}"
EndProject
Project("{FAE04EC0-301F-11D3-BF4B-00C04F79EFBC}") = "FactorialSpec", "FactorialSpec\FactorialSpec.csproj", "{3C45E994-93A3-47FA-837D-F07829A76B2B}"
EndProject
Global
	GlobalSection(SolutionConfigurationPlatforms) = preSolution
		Debug|Any CPU = Debug|Any CPU
		Release|Any CPU = Release|Any CPU
	EndGlobalSection
	GlobalSection(ProjectConfigurationPlatforms) = postSolution
		{4CF2E2E9-3B72-47B5-AF15-626846618664}.Debug|Any CPU.ActiveCfg = Debug|Any CPU
		{4CF2E2E9-3B72-47B5-AF15-626846618664}.Debug|Any CPU.Build.0 = Debug|Any CPU
		{4CF2E2E9-3B72-47B5-AF15-626846618664}.Release|Any CPU.ActiveCfg = Release|Any CPU
		{4CF2E2E9-3B72-47B5-AF15-626846618664}.Release|Any CPU.Build.0 = Release|Any CPU
		{3C45E994-93A3-47FA-837D-F07829A76B2B}.Debug|Any CPU.ActiveCfg = Debug|Any CPU
		{3C45E994-93A3-47FA-837D-F07829A76B2B}.Debug|Any CPU.Build.0 = Debug|Any CPU
		{3C45E994-93A3-47FA-837D-F07829A76B2B}.Release|Any CPU.ActiveCfg = Release|Any CPU
		{3C45E994-93A3-47FA-837D-F07829A76B2B}.Release|Any CPU.Build.0 = Release|Any CPU
	EndGlobalSection
	GlobalSection(SolutionProperties) = preSolution
		HideSolutionNode = FALSE
	EndGlobalSection
	GlobalSection(ExtensibilityGlobals) = postSolution
		SolutionGuid = {BCA7CB22-228E-4E0E-9265-0AC77E2997AC}
	EndGlobalSection
EndGlobal
